
Microsoft Visual Studio Solution File, Format Version 12.00
# Visual Studio Version 17
VisualStudioVersion = 17.0.31903.59
MinimumVisualStudioVersion = 10.0.40219.1
Project("{2150E333-8FDC-42A3-9474-1A3956D46DE8}") = "Exercise1", "Exercise1", "{D70E354E-4A07-4D84-9ACE-3909F9DA4986}"
EndProject
Project("{FAE04EC0-301F-11D3-BF4B-00C04F79EFBC}") = "Exercise1", "Exercise1\Exercise1\Exercise1.csproj", "{ECEFC93D-70AE-4A25-85C5-9498BF68582C}"
EndProject
Global
	GlobalSection(SolutionConfigurationPlatforms) = preSolution
		Debug|Any CPU = Debug|Any CPU
		Release|Any CPU = Release|Any CPU
	EndGlobalSection
	GlobalSection(SolutionProperties) = preSolution
		HideSolutionNode = FALSE
	EndGlobalSection
	GlobalSection(ProjectConfigurationPlatforms) = postSolution
		{ECEFC93D-70AE-4A25-85C5-9498BF68582C}.Debug|Any CPU.ActiveCfg = Debug|Any CPU
		{ECEFC93D-70AE-4A25-85C5-9498BF68582C}.Debug|Any CPU.Build.0 = Debug|Any CPU
		{ECEFC93D-70AE-4A25-85C5-9498BF68582C}.Release|Any CPU.ActiveCfg = Release|Any CPU
		{ECEFC93D-70AE-4A25-85C5-9498BF68582C}.Release|Any CPU.Build.0 = Release|Any CPU
	EndGlobalSection
	GlobalSection(NestedProjects) = preSolution
		{ECEFC93D-70AE-4A25-85C5-9498BF68582C} = {D70E354E-4A07-4D84-9ACE-3909F9DA4986}
	EndGlobalSection
EndGlobal
